
Microsoft Visual Studio Solution File, Format Version 12.00
# Visual Studio Version 17
VisualStudioVersion = 17.7.34221.43
MinimumVisualStudioVersion = 10.0.40219.1
Project("{FAE04EC0-301F-11D3-BF4B-00C04F79EFBC}") = "ConsoleAppExample1", "ConsoleAppExample1\ConsoleAppExample1.csproj", "{9224DD58-F021-4767-9405-DF0FBF7AF317}"
EndProject
Global
	GlobalSection(SolutionConfigurationPlatforms) = preSolution
		Debug|Any CPU = Debug|Any CPU
		Release|Any CPU = Release|Any CPU
	EndGlobalSection
	GlobalSection(ProjectConfigurationPlatforms) = postSolution
		{9224DD58-F021-4767-9405-DF0FBF7AF317}.Debug|Any CPU.ActiveCfg = Debug|Any CPU
		{9224DD58-F021-4767-9405-DF0FBF7AF317}.Debug|Any CPU.Build.0 = Debug|Any CPU
		{9224DD58-F021-4767-9405-DF0FBF7AF317}.Release|Any CPU.ActiveCfg = Release|Any CPU
		{9224DD58-F021-4767-9405-DF0FBF7AF317}.Release|Any CPU.Build.0 = Release|Any CPU
	EndGlobalSection
	GlobalSection(SolutionProperties) = preSolution
		HideSolutionNode = FALSE
	EndGlobalSection
	GlobalSection(ExtensibilityGlobals) = postSolution
		SolutionGuid = {7CCAEA0F-7861-434E-8A2C-175EA8C574E1}
	EndGlobalSection
EndGlobal
